
Microsoft Visual Studio Solution File, Format Version 12.00
# Visual Studio Version 16
VisualStudioVersion = 16.0.29306.81
MinimumVisualStudioVersion = 10.0.40219.1
Project("{FAE04EC0-301F-11D3-BF4B-00C04F79EFBC}") = "WebAPI", "WebAPI\WebAPI.csproj", "{3BAF1BF5-43D5-4B45-BC35-BE34D399C43E}"
EndProject
Project("{FAE04EC0-301F-11D3-BF4B-00C04F79EFBC}") = "Dominio", "Dominio\Dominio.csproj", "{75C5A953-C6DC-4EC5-9FAF-2FE5F11B7C35}"
EndProject
Project("{FAE04EC0-301F-11D3-BF4B-00C04F79EFBC}") = "Negocio", "Negocio\Negocio.csproj", "{03597CCB-270E-4C34-95E9-8EF681E9FBC0}"
EndProject
Global
	GlobalSection(SolutionConfigurationPlatforms) = preSolution
		Debug|Any CPU = Debug|Any CPU
		Release|Any CPU = Release|Any CPU
	EndGlobalSection
	GlobalSection(ProjectConfigurationPlatforms) = postSolution
		{3BAF1BF5-43D5-4B45-BC35-BE34D399C43E}.Debug|Any CPU.ActiveCfg = Debug|Any CPU
		{3BAF1BF5-43D5-4B45-BC35-BE34D399C43E}.Debug|Any CPU.Build.0 = Debug|Any CPU
		{3BAF1BF5-43D5-4B45-BC35-BE34D399C43E}.Release|Any CPU.ActiveCfg = Release|Any CPU
		{3BAF1BF5-43D5-4B45-BC35-BE34D399C43E}.Release|Any CPU.Build.0 = Release|Any CPU
		{75C5A953-C6DC-4EC5-9FAF-2FE5F11B7C35}.Debug|Any CPU.ActiveCfg = Debug|Any CPU
		{75C5A953-C6DC-4EC5-9FAF-2FE5F11B7C35}.Debug|Any CPU.Build.0 = Debug|Any CPU
		{75C5A953-C6DC-4EC5-9FAF-2FE5F11B7C35}.Release|Any CPU.ActiveCfg = Release|Any CPU
		{75C5A953-C6DC-4EC5-9FAF-2FE5F11B7C35}.Release|Any CPU.Build.0 = Release|Any CPU
		{03597CCB-270E-4C34-95E9-8EF681E9FBC0}.Debug|Any CPU.ActiveCfg = Debug|Any CPU
		{03597CCB-270E-4C34-95E9-8EF681E9FBC0}.Debug|Any CPU.Build.0 = Debug|Any CPU
		{03597CCB-270E-4C34-95E9-8EF681E9FBC0}.Release|Any CPU.ActiveCfg = Release|Any CPU
		{03597CCB-270E-4C34-95E9-8EF681E9FBC0}.Release|Any CPU.Build.0 = Release|Any CPU
	EndGlobalSection
	GlobalSection(SolutionProperties) = preSolution
		HideSolutionNode = FALSE
	EndGlobalSection
	GlobalSection(ExtensibilityGlobals) = postSolution
		SolutionGuid = {FC790BA4-C18E-4665-BE52-78F453A47332}
	EndGlobalSection
EndGlobal
